---
# candidate.lock.yml — wersje kandydujące dla staging/laboratory.
# Wypełniony w F1 na podstawie oficjalnych źródeł (2026-07-22).
# Produkcja używa versions.lock.yml (po F0 walidacji na hostach).
# Nigdy state: latest; deployment zatrzymuje się, gdy pakiet niedostępny.
#
# 2026-09-04: blok `proxysql` odświeżony 3.0.9 → 3.0.11 razem z lockfile'ami
# LOCKED, żeby definicja z `policy: candidate` też startowała na wersji z
# łatkami bezpieczeństwa 3.0.11, a nie na wydaniu sprzed dwóch serii. Przy
# okazji naprawione dwa realne defekty tego pliku: `rpm_release` był
# placeholderem `to-confirm-F0`, więc URL RPM-u był nieskładalny, a
# `repo_baseurl`/`repositories[].url` wskazywały na `rocky/9`, czyli ścieżkę
# zwracającą 404 — wydawca publikuje pod `centos/<major>`. Bez `rpm_sha256`
# `platform_install.yml` odmawiał instalacji (asercja audit#6), więc plik nie
# nadawał się do postawienia czegokolwiek.

rocky_linux:
  major: 9
  allowed_minors:
    - "9.8"  # do rozszerzenia po F0, gdy hosty mają inny minor
  major_eol: "2032-05-31"

mariadb:
  version: "11.4.12"
  series: "11.4"
  type: "LTS"
  eol: "2029-05"
  rpm_release: "to-confirm-F0"  # dnf info na hostach
  repo_setup_script: "https://downloads.mariadb.com/MariaDB/mariadb_repo_setup"
  repo_setup_args: "--mariadb-server-version=11.4"
  galera_provider: "galera-4"
  galera_provider_wsrep_api: 26
  mariadb_backup_package: "mariadb-backup"
  eol_warning_10_6: "2026-07-06"

proxysql:
  version: "3.0.11"
  series: "3.0"
  tier: "Stable"
  released: "2026-08-27"
  rpm_release: "1"
  repo_baseurl: "https://repo.proxysql.com/ProxySQL/proxysql-3.0.x/centos/9/"
  repo_gpgkey: "https://repo.proxysql.com/ProxySQL/proxysql-3.0.x/repo_pub_key.gpg"
  # Kontrola integralnosci identyczna jak w lockfile'ach LOCKED: przypieta suma
  # RPM-u, weryfikowana przez get_url w playbooks/platform_install.yml.
  rpm_sha256:
    x86_64: "41f0d7aebd93cf6a4ba9681074202b8b1495adec4e810beb5480d8ee3a689fff"  # proxysql-3.0.11-1-centos9.x86_64.rpm, 42484661B
  cves_patched:
    - "CVE-2026-48772"
    - "CVE-2026-48773"
    - "GHSA-fvch-fpgq-pwfx"
  source: "https://github.com/sysown/proxysql/releases/tag/v3.0.11"

pmm:
  version: "3.8.1"
  released: "2026-06-16"
  image: "percona/pmm-server:3.8.1"
  image_digest: "sha256:ef47471fb3b54e10897a92bab0b7b45e82d9825c3b0abf5a0693242191f99468"
  deployment: "docker-volume"
  rpm_for_rocky_9: false
  support_eol: "not-published-per-point-release"
  source: "https://github.com/percona/pmm/blob/main/documentation/docs/release-notes/3.8.1.md"

docker:
  engine_version: "3:29.6.2-1.el9"
  cli_version: "1:29.6.2-1.el9"
  containerd_version: "2.2.6-1.el9"
  buildx_version: "0.35.0-1.el9"
  compose_version: "5.3.1-1.el9"
  repo_baseurl: "https://download.docker.com/linux/centos/$releasever/$basearch/stable"
  repo_gpgkey: "https://download.docker.com/linux/centos/gpg"

minio:
  image: "minio/minio:RELEASE.2025-09-07T16-13-09Z"
  image_digest: "sha256:14cea493d9a34af32f524e538b8346cf79f3321eff8e708c1e2960462bd8936e"

maildev:
  image: "maildev/maildev:2.2.1"

node_exporter:
  version: "1.12.1"
  released: "2026-07-14"
  rpm_for_rocky_9: false
  source: "https://github.com/prometheus/node_exporter/releases/tag/v1.12.1"
  linux_sha256:
    amd64: "b51d8a76aa2a9156a55d501aca6276fae09e262259a5e4e831d2c2222f084e63"
    arm64: "ad35b605f9954b9f1ffddf5ba054bdc5a98d790b9eae5291e1eeb83f1ecbd0e7"

ansible:
  core_version: "2.21.3"
  core_released: "2026-08-10"
  collections:
    - name: "ansible.mysql"
      version: "5.1.0"
      note: "successor of deprecated community.mysql; FQCN ansible.mysql.*"
    - name: "community.general"
      version: "latest-stable"
    - name: "ansible.posix"
      version: "latest-stable"

repositories:
  - name: "mariadb-official"
    url: "https://downloads.mariadb.com/MariaDB/mariadb_repo_setup"
    gpg_fingerprint: "to-verify-F2"  # F2: gpg --recv-keys przed gpgcheck=1
  - name: "proxysql-official"
    url: "https://repo.proxysql.com/ProxySQL/proxysql-3.0.x/centos/9/"
    gpgkey: "https://repo.proxysql.com/ProxySQL/proxysql-3.0.x/repo_pub_key.gpg"
    # Odcisk zweryfikowany uzyciem: rpm_key importuje go w platform_install.yml,
    # a `rpm -K` na pobranym RPM zwraca "digests signatures OK".
    gpg_fingerprint: "653F85BB38256DF8A96206C3E8CA2E8D8217C97E"

# Status: candidate — do promocji do versions.lock.yml po F0 walidacji na hostach.
