{
  "version": 4,
  "terraform_version": "1.15.6",
  "serial": 5,
  "lineage": "d69ccb7b-cefd-ddd1-5a9d-c1221f07fa87",
  "outputs": {
    "vms": {
      "value": {
        "x10app": {
          "cpu": 1,
          "disk_gb": 40,
          "ip": "192.168.1.163",
          "ram_mb": 3072,
          "role": "app",
          "vmid": 10003
        },
        "x10mon": {
          "cpu": 2,
          "disk_gb": 40,
          "ip": "192.168.1.160",
          "ram_mb": 5120,
          "role": "infra",
          "vmid": 10000
        },
        "x10p1": {
          "cpu": 2,
          "disk_gb": 40,
          "ip": "192.168.1.161",
          "ram_mb": 3072,
          "role": "proxysql",
          "vmid": 10001
        },
        "x10p2": {
          "cpu": 2,
          "disk_gb": 40,
          "ip": "192.168.1.162",
          "ram_mb": 3072,
          "role": "proxysql",
          "vmid": 10002
        }
      },
      "type": [
        "object",
        {
          "x10app": [
            "object",
            {
              "cpu": "number",
              "disk_gb": "number",
              "ip": "string",
              "ram_mb": "number",
              "role": "string",
              "vmid": "number"
            }
          ],
          "x10mon": [
            "object",
            {
              "cpu": "number",
              "disk_gb": "number",
              "ip": "string",
              "ram_mb": "number",
              "role": "string",
              "vmid": "number"
            }
          ],
          "x10p1": [
            "object",
            {
              "cpu": "number",
              "disk_gb": "number",
              "ip": "string",
              "ram_mb": "number",
              "role": "string",
              "vmid": "number"
            }
          ],
          "x10p2": [
            "object",
            {
              "cpu": "number",
              "disk_gb": "number",
              "ip": "string",
              "ram_mb": "number",
              "role": "string",
              "vmid": "number"
            }
          ]
        }
      ]
    }
  },
  "resources": [
    {
      "module": "module.vms",
      "mode": "managed",
      "type": "proxmox_virtual_environment_vm",
      "name": "node",
      "provider": "provider[\"registry.terraform.io/bpg/proxmox\"]",
      "instances": [
        {
          "index_key": "x10app",
          "schema_version": 0,
          "attributes": {
            "acpi": true,
            "agent": [
              {
                "enabled": true,
                "timeout": "15m",
                "trim": false,
                "type": "virtio",
                "wait_for_ip": [
                  {
                    "disabled": true,
                    "ipv4": false,
                    "ipv6": false
                  }
                ]
              }
            ],
            "amd_sev": [],
            "audio_device": [],
            "bios": "seabios",
            "boot_order": [
              "virtio0",
              "net0"
            ],
            "cdrom": [],
            "clone": [],
            "cpu": [
              {
                "affinity": "",
                "architecture": "",
                "cores": 1,
                "flags": null,
                "hotplugged": 0,
                "limit": 0,
                "numa": false,
                "sockets": 1,
                "type": "host",
                "units": 0
              }
            ],
            "delete_unreferenced_disks_on_destroy": true,
            "description": "xenonv10 platforma Rocky 10 (app) - VMID 10003",
            "disk": [
              {
                "aio": "io_uring",
                "backup": true,
                "cache": "none",
                "datastore_id": "local-zfs",
                "discard": "on",
                "file_format": "raw",
                "file_id": "",
                "import_from": "local:import/Rocky-10.2-GenericCloud.qcow2",
                "interface": "virtio0",
                "iothread": false,
                "path_in_datastore": "vm-10003-disk-0",
                "queues": 0,
                "replicate": true,
                "serial": "",
                "size": 40,
                "speed": [],
                "ssd": false
              }
            ],
            "efi_disk": [],
            "hook_script_file_id": "",
            "hostpci": [],
            "hotplug": null,
            "id": "10003",
            "initialization": [
              {
                "datastore_id": "local-zfs",
                "dns": [
                  {
                    "domain": "",
                    "servers": [
                      "1.1.1.1",
                      "8.8.8.8"
                    ]
                  }
                ],
                "file_format": "",
                "interface": "scsi1",
                "ip_config": [
                  {
                    "ipv4": [
                      {
                        "address": "192.168.1.163/24",
                        "gateway": "192.168.1.1"
                      }
                    ],
                    "ipv6": []
                  }
                ],
                "meta_data_file_id": "",
                "network_data_file_id": "",
                "type": "",
                "upgrade": true,
                "user_account": [
                  {
                    "keys": [
                      "ssh-ed25519 AAAAC3NzaC1lZDI1NTE5AAAAIEi2JptnezdY/Nyec+JtsKltgffUiJICpRkUS4LHB/1m ansible-lab"
                    ],
                    "password": "",
                    "username": "root"
                  }
                ],
                "user_data_file_id": "local:snippets/r10-cloud-init.yaml",
                "vendor_data_file_id": ""
              }
            ],
            "ipv4_addresses": [],
            "ipv6_addresses": [],
            "keyboard_layout": "en-us",
            "kvm_arguments": "",
            "mac_addresses": [],
            "machine": "",
            "memory": [
              {
                "dedicated": 3072,
                "floating": 0,
                "hugepages": "",
                "keep_hugepages": false,
                "shared": 0
              }
            ],
            "migrate": false,
            "name": "x10app",
            "network_device": [
              {
                "bridge": "vmbr0",
                "disconnected": false,
                "enabled": true,
                "firewall": false,
                "mac_address": "BC:24:11:F7:F5:4F",
                "model": "virtio",
                "mtu": 0,
                "queues": 0,
                "rate_limit": 0,
                "trunks": "",
                "vlan_id": 0
              }
            ],
            "network_interface_names": [],
            "node_name": "pve",
            "numa": [],
            "on_boot": true,
            "operating_system": [
              {
                "type": "l26"
              }
            ],
            "pool_id": "claude-isa",
            "protection": false,
            "purge_on_destroy": true,
            "reboot": false,
            "reboot_after_update": true,
            "rng": [],
            "scsi_hardware": "virtio-scsi-pci",
            "serial_device": [],
            "smbios": [],
            "started": true,
            "startup": [],
            "stop_on_destroy": true,
            "tablet_device": true,
            "tags": [
              "app",
              "platform",
              "rocky10",
              "xenonv10"
            ],
            "template": false,
            "timeout_clone": 1800,
            "timeout_create": 1800,
            "timeout_migrate": 1800,
            "timeout_move_disk": 1800,
            "timeout_reboot": 1800,
            "timeout_shutdown_vm": 1800,
            "timeout_start_vm": 1800,
            "timeout_stop_vm": 300,
            "tpm_state": [],
            "usb": [],
            "vga": [],
            "virtiofs": [],
            "vm_id": 10003,
            "watchdog": []
          },
          "sensitive_attributes": [
            [
              {
                "type": "get_attr",
                "value": "initialization"
              },
              {
                "type": "index",
                "value": {
                  "value": 0,
                  "type": "number"
                }
              },
              {
                "type": "get_attr",
                "value": "user_account"
              },
              {
                "type": "index",
                "value": {
                  "value": 0,
                  "type": "number"
                }
              },
              {
                "type": "get_attr",
                "value": "password"
              }
            ]
          ],
          "identity_schema_version": 0,
          "private": "bnVsbA=="
        },
        {
          "index_key": "x10mon",
          "schema_version": 0,
          "attributes": {
            "acpi": true,
            "agent": [
              {
                "enabled": true,
                "timeout": "15m",
                "trim": false,
                "type": "virtio",
                "wait_for_ip": [
                  {
                    "disabled": true,
                    "ipv4": false,
                    "ipv6": false
                  }
                ]
              }
            ],
            "amd_sev": [],
            "audio_device": [],
            "bios": "seabios",
            "boot_order": [
              "virtio0",
              "net0"
            ],
            "cdrom": [],
            "clone": [],
            "cpu": [
              {
                "affinity": "",
                "architecture": "",
                "cores": 2,
                "flags": null,
                "hotplugged": 0,
                "limit": 0,
                "numa": false,
                "sockets": 1,
                "type": "host",
                "units": 0
              }
            ],
            "delete_unreferenced_disks_on_destroy": true,
            "description": "xenonv10 platforma Rocky 10 (infra) - VMID 10000",
            "disk": [
              {
                "aio": "io_uring",
                "backup": true,
                "cache": "none",
                "datastore_id": "local-zfs",
                "discard": "on",
                "file_format": "raw",
                "file_id": "",
                "import_from": "local:import/Rocky-10.2-GenericCloud.qcow2",
                "interface": "virtio0",
                "iothread": false,
                "path_in_datastore": "vm-10000-disk-0",
                "queues": 0,
                "replicate": true,
                "serial": "",
                "size": 40,
                "speed": [],
                "ssd": false
              }
            ],
            "efi_disk": [],
            "hook_script_file_id": "",
            "hostpci": [],
            "hotplug": null,
            "id": "10000",
            "initialization": [
              {
                "datastore_id": "local-zfs",
                "dns": [
                  {
                    "domain": "",
                    "servers": [
                      "1.1.1.1",
                      "8.8.8.8"
                    ]
                  }
                ],
                "file_format": "",
                "interface": "scsi1",
                "ip_config": [
                  {
                    "ipv4": [
                      {
                        "address": "192.168.1.160/24",
                        "gateway": "192.168.1.1"
                      }
                    ],
                    "ipv6": []
                  }
                ],
                "meta_data_file_id": "",
                "network_data_file_id": "",
                "type": "",
                "upgrade": true,
                "user_account": [
                  {
                    "keys": [
                      "ssh-ed25519 AAAAC3NzaC1lZDI1NTE5AAAAIEi2JptnezdY/Nyec+JtsKltgffUiJICpRkUS4LHB/1m ansible-lab"
                    ],
                    "password": "",
                    "username": "root"
                  }
                ],
                "user_data_file_id": "local:snippets/r10-cloud-init.yaml",
                "vendor_data_file_id": ""
              }
            ],
            "ipv4_addresses": [],
            "ipv6_addresses": [],
            "keyboard_layout": "en-us",
            "kvm_arguments": "",
            "mac_addresses": [],
            "machine": "",
            "memory": [
              {
                "dedicated": 5120,
                "floating": 0,
                "hugepages": "",
                "keep_hugepages": false,
                "shared": 0
              }
            ],
            "migrate": false,
            "name": "x10mon",
            "network_device": [
              {
                "bridge": "vmbr0",
                "disconnected": false,
                "enabled": true,
                "firewall": false,
                "mac_address": "BC:24:11:A3:F3:CA",
                "model": "virtio",
                "mtu": 0,
                "queues": 0,
                "rate_limit": 0,
                "trunks": "",
                "vlan_id": 0
              }
            ],
            "network_interface_names": [],
            "node_name": "pve",
            "numa": [],
            "on_boot": true,
            "operating_system": [
              {
                "type": "l26"
              }
            ],
            "pool_id": "claude-isa",
            "protection": false,
            "purge_on_destroy": true,
            "reboot": false,
            "reboot_after_update": true,
            "rng": [],
            "scsi_hardware": "virtio-scsi-pci",
            "serial_device": [],
            "smbios": [],
            "started": true,
            "startup": [],
            "stop_on_destroy": true,
            "tablet_device": true,
            "tags": [
              "infra",
              "platform",
              "rocky10",
              "xenonv10"
            ],
            "template": false,
            "timeout_clone": 1800,
            "timeout_create": 1800,
            "timeout_migrate": 1800,
            "timeout_move_disk": 1800,
            "timeout_reboot": 1800,
            "timeout_shutdown_vm": 1800,
            "timeout_start_vm": 1800,
            "timeout_stop_vm": 300,
            "tpm_state": [],
            "usb": [],
            "vga": [],
            "virtiofs": [],
            "vm_id": 10000,
            "watchdog": []
          },
          "sensitive_attributes": [
            [
              {
                "type": "get_attr",
                "value": "initialization"
              },
              {
                "type": "index",
                "value": {
                  "value": 0,
                  "type": "number"
                }
              },
              {
                "type": "get_attr",
                "value": "user_account"
              },
              {
                "type": "index",
                "value": {
                  "value": 0,
                  "type": "number"
                }
              },
              {
                "type": "get_attr",
                "value": "password"
              }
            ]
          ],
          "identity_schema_version": 0,
          "private": "bnVsbA=="
        },
        {
          "index_key": "x10p1",
          "schema_version": 0,
          "attributes": {
            "acpi": true,
            "agent": [
              {
                "enabled": true,
                "timeout": "15m",
                "trim": false,
                "type": "virtio",
                "wait_for_ip": [
                  {
                    "disabled": true,
                    "ipv4": false,
                    "ipv6": false
                  }
                ]
              }
            ],
            "amd_sev": [],
            "audio_device": [],
            "bios": "seabios",
            "boot_order": [
              "virtio0",
              "net0"
            ],
            "cdrom": [],
            "clone": [],
            "cpu": [
              {
                "affinity": "",
                "architecture": "",
                "cores": 2,
                "flags": null,
                "hotplugged": 0,
                "limit": 0,
                "numa": false,
                "sockets": 1,
                "type": "host",
                "units": 0
              }
            ],
            "delete_unreferenced_disks_on_destroy": true,
            "description": "xenonv10 platforma Rocky 10 (proxysql) - VMID 10001",
            "disk": [
              {
                "aio": "io_uring",
                "backup": true,
                "cache": "none",
                "datastore_id": "local-zfs",
                "discard": "on",
                "file_format": "raw",
                "file_id": "",
                "import_from": "local:import/Rocky-10.2-GenericCloud.qcow2",
                "interface": "virtio0",
                "iothread": false,
                "path_in_datastore": "vm-10001-disk-0",
                "queues": 0,
                "replicate": true,
                "serial": "",
                "size": 40,
                "speed": [],
                "ssd": false
              }
            ],
            "efi_disk": [],
            "hook_script_file_id": "",
            "hostpci": [],
            "hotplug": null,
            "id": "10001",
            "initialization": [
              {
                "datastore_id": "local-zfs",
                "dns": [
                  {
                    "domain": "",
                    "servers": [
                      "1.1.1.1",
                      "8.8.8.8"
                    ]
                  }
                ],
                "file_format": "",
                "interface": "scsi1",
                "ip_config": [
                  {
                    "ipv4": [
                      {
                        "address": "192.168.1.161/24",
                        "gateway": "192.168.1.1"
                      }
                    ],
                    "ipv6": []
                  }
                ],
                "meta_data_file_id": "",
                "network_data_file_id": "",
                "type": "",
                "upgrade": true,
                "user_account": [
                  {
                    "keys": [
                      "ssh-ed25519 AAAAC3NzaC1lZDI1NTE5AAAAIEi2JptnezdY/Nyec+JtsKltgffUiJICpRkUS4LHB/1m ansible-lab"
                    ],
                    "password": "",
                    "username": "root"
                  }
                ],
                "user_data_file_id": "local:snippets/r10-cloud-init.yaml",
                "vendor_data_file_id": ""
              }
            ],
            "ipv4_addresses": [],
            "ipv6_addresses": [],
            "keyboard_layout": "en-us",
            "kvm_arguments": "",
            "mac_addresses": [],
            "machine": "",
            "memory": [
              {
                "dedicated": 3072,
                "floating": 0,
                "hugepages": "",
                "keep_hugepages": false,
                "shared": 0
              }
            ],
            "migrate": false,
            "name": "x10p1",
            "network_device": [
              {
                "bridge": "vmbr0",
                "disconnected": false,
                "enabled": true,
                "firewall": false,
                "mac_address": "BC:24:11:48:D8:CA",
                "model": "virtio",
                "mtu": 0,
                "queues": 0,
                "rate_limit": 0,
                "trunks": "",
                "vlan_id": 0
              }
            ],
            "network_interface_names": [],
            "node_name": "pve",
            "numa": [],
            "on_boot": true,
            "operating_system": [
              {
                "type": "l26"
              }
            ],
            "pool_id": "claude-isa",
            "protection": false,
            "purge_on_destroy": true,
            "reboot": false,
            "reboot_after_update": true,
            "rng": [],
            "scsi_hardware": "virtio-scsi-pci",
            "serial_device": [],
            "smbios": [],
            "started": true,
            "startup": [],
            "stop_on_destroy": true,
            "tablet_device": true,
            "tags": [
              "platform",
              "proxysql",
              "rocky10",
              "xenonv10"
            ],
            "template": false,
            "timeout_clone": 1800,
            "timeout_create": 1800,
            "timeout_migrate": 1800,
            "timeout_move_disk": 1800,
            "timeout_reboot": 1800,
            "timeout_shutdown_vm": 1800,
            "timeout_start_vm": 1800,
            "timeout_stop_vm": 300,
            "tpm_state": [],
            "usb": [],
            "vga": [],
            "virtiofs": [],
            "vm_id": 10001,
            "watchdog": []
          },
          "sensitive_attributes": [
            [
              {
                "type": "get_attr",
                "value": "initialization"
              },
              {
                "type": "index",
                "value": {
                  "value": 0,
                  "type": "number"
                }
              },
              {
                "type": "get_attr",
                "value": "user_account"
              },
              {
                "type": "index",
                "value": {
                  "value": 0,
                  "type": "number"
                }
              },
              {
                "type": "get_attr",
                "value": "password"
              }
            ]
          ],
          "identity_schema_version": 0,
          "private": "bnVsbA=="
        },
        {
          "index_key": "x10p2",
          "schema_version": 0,
          "attributes": {
            "acpi": true,
            "agent": [
              {
                "enabled": true,
                "timeout": "15m",
                "trim": false,
                "type": "virtio",
                "wait_for_ip": [
                  {
                    "disabled": true,
                    "ipv4": false,
                    "ipv6": false
                  }
                ]
              }
            ],
            "amd_sev": [],
            "audio_device": [],
            "bios": "seabios",
            "boot_order": [
              "virtio0",
              "net0"
            ],
            "cdrom": [],
            "clone": [],
            "cpu": [
              {
                "affinity": "",
                "architecture": "",
                "cores": 2,
                "flags": null,
                "hotplugged": 0,
                "limit": 0,
                "numa": false,
                "sockets": 1,
                "type": "host",
                "units": 0
              }
            ],
            "delete_unreferenced_disks_on_destroy": true,
            "description": "xenonv10 platforma Rocky 10 (proxysql) - VMID 10002",
            "disk": [
              {
                "aio": "io_uring",
                "backup": true,
                "cache": "none",
                "datastore_id": "local-zfs",
                "discard": "on",
                "file_format": "raw",
                "file_id": "",
                "import_from": "local:import/Rocky-10.2-GenericCloud.qcow2",
                "interface": "virtio0",
                "iothread": false,
                "path_in_datastore": "vm-10002-disk-0",
                "queues": 0,
                "replicate": true,
                "serial": "",
                "size": 40,
                "speed": [],
                "ssd": false
              }
            ],
            "efi_disk": [],
            "hook_script_file_id": "",
            "hostpci": [],
            "hotplug": null,
            "id": "10002",
            "initialization": [
              {
                "datastore_id": "local-zfs",
                "dns": [
                  {
                    "domain": "",
                    "servers": [
                      "1.1.1.1",
                      "8.8.8.8"
                    ]
                  }
                ],
                "file_format": "",
                "interface": "scsi1",
                "ip_config": [
                  {
                    "ipv4": [
                      {
                        "address": "192.168.1.162/24",
                        "gateway": "192.168.1.1"
                      }
                    ],
                    "ipv6": []
                  }
                ],
                "meta_data_file_id": "",
                "network_data_file_id": "",
                "type": "",
                "upgrade": true,
                "user_account": [
                  {
                    "keys": [
                      "ssh-ed25519 AAAAC3NzaC1lZDI1NTE5AAAAIEi2JptnezdY/Nyec+JtsKltgffUiJICpRkUS4LHB/1m ansible-lab"
                    ],
                    "password": "",
                    "username": "root"
                  }
                ],
                "user_data_file_id": "local:snippets/r10-cloud-init.yaml",
                "vendor_data_file_id": ""
              }
            ],
            "ipv4_addresses": [],
            "ipv6_addresses": [],
            "keyboard_layout": "en-us",
            "kvm_arguments": "",
            "mac_addresses": [],
            "machine": "",
            "memory": [
              {
                "dedicated": 3072,
                "floating": 0,
                "hugepages": "",
                "keep_hugepages": false,
                "shared": 0
              }
            ],
            "migrate": false,
            "name": "x10p2",
            "network_device": [
              {
                "bridge": "vmbr0",
                "disconnected": false,
                "enabled": true,
                "firewall": false,
                "mac_address": "BC:24:11:0E:44:40",
                "model": "virtio",
                "mtu": 0,
                "queues": 0,
                "rate_limit": 0,
                "trunks": "",
                "vlan_id": 0
              }
            ],
            "network_interface_names": [],
            "node_name": "pve",
            "numa": [],
            "on_boot": true,
            "operating_system": [
              {
                "type": "l26"
              }
            ],
            "pool_id": "claude-isa",
            "protection": false,
            "purge_on_destroy": true,
            "reboot": false,
            "reboot_after_update": true,
            "rng": [],
            "scsi_hardware": "virtio-scsi-pci",
            "serial_device": [],
            "smbios": [],
            "started": true,
            "startup": [],
            "stop_on_destroy": true,
            "tablet_device": true,
            "tags": [
              "platform",
              "proxysql",
              "rocky10",
              "xenonv10"
            ],
            "template": false,
            "timeout_clone": 1800,
            "timeout_create": 1800,
            "timeout_migrate": 1800,
            "timeout_move_disk": 1800,
            "timeout_reboot": 1800,
            "timeout_shutdown_vm": 1800,
            "timeout_start_vm": 1800,
            "timeout_stop_vm": 300,
            "tpm_state": [],
            "usb": [],
            "vga": [],
            "virtiofs": [],
            "vm_id": 10002,
            "watchdog": []
          },
          "sensitive_attributes": [
            [
              {
                "type": "get_attr",
                "value": "initialization"
              },
              {
                "type": "index",
                "value": {
                  "value": 0,
                  "type": "number"
                }
              },
              {
                "type": "get_attr",
                "value": "user_account"
              },
              {
                "type": "index",
                "value": {
                  "value": 0,
                  "type": "number"
                }
              },
              {
                "type": "get_attr",
                "value": "password"
              }
            ]
          ],
          "identity_schema_version": 0,
          "private": "bnVsbA=="
        }
      ]
    }
  ],
  "check_results": null
}
